
Microsoft Visual Studio Solution File, Format Version 12.00
# Visual Studio Version 18
VisualStudioVersion = 18.6.11828.311 oobstable
MinimumVisualStudioVersion = 10.0.40219.1
Project("{FAE04EC0-301F-11D3-BF4B-00C04F79EFBC}") = "CompanyHRManagementSystem", "CompanyHRManagementSystem.csproj", "{1866BB3F-B73D-4AA4-8C53-C1BB21674CB0}"
EndProject
Project("{FAE04EC0-301F-11D3-BF4B-00C04F79EFBC}") = "HRManagmentTests", "..\HRManagmentTests\HRManagmentTests.csproj", "{34FF73E0-68B6-42BA-83DC-7E017984BCE7}"
EndProject
Global
	GlobalSection(SolutionConfigurationPlatforms) = preSolution
		Debug|Any CPU = Debug|Any CPU
		Release|Any CPU = Release|Any CPU
	EndGlobalSection
	GlobalSection(ProjectConfigurationPlatforms) = postSolution
		{1866BB3F-B73D-4AA4-8C53-C1BB21674CB0}.Debug|Any CPU.ActiveCfg = Debug|Any CPU
		{1866BB3F-B73D-4AA4-8C53-C1BB21674CB0}.Debug|Any CPU.Build.0 = Debug|Any CPU
		{1866BB3F-B73D-4AA4-8C53-C1BB21674CB0}.Release|Any CPU.ActiveCfg = Release|Any CPU
		{1866BB3F-B73D-4AA4-8C53-C1BB21674CB0}.Release|Any CPU.Build.0 = Release|Any CPU
		{34FF73E0-68B6-42BA-83DC-7E017984BCE7}.Debug|Any CPU.ActiveCfg = Debug|Any CPU
		{34FF73E0-68B6-42BA-83DC-7E017984BCE7}.Debug|Any CPU.Build.0 = Debug|Any CPU
		{34FF73E0-68B6-42BA-83DC-7E017984BCE7}.Release|Any CPU.ActiveCfg = Release|Any CPU
		{34FF73E0-68B6-42BA-83DC-7E017984BCE7}.Release|Any CPU.Build.0 = Release|Any CPU
	EndGlobalSection
	GlobalSection(SolutionProperties) = preSolution
		HideSolutionNode = FALSE
	EndGlobalSection
	GlobalSection(ExtensibilityGlobals) = postSolution
		SolutionGuid = {824D21F4-992C-4558-9F62-2BEA3BAA7BDF}
	EndGlobalSection
EndGlobal
